
Microsoft Visual Studio Solution File, Format Version 12.00
# Visual Studio Version 16
VisualStudioVersion = 16.0.30204.135
MinimumVisualStudioVersion = 10.0.40219.1
Project("{FAE04EC0-301F-11D3-BF4B-00C04F79EFBC}") = "JournalForStudents", "JournalForStudents\JournalForStudents.csproj", "{57F9CC04-C37D-42F7-AD0C-CC2B4AC06E43}"
EndProject
Project("{FAE04EC0-301F-11D3-BF4B-00C04F79EFBC}") = "Journal", "Journal\Journal.csproj", "{1FE4AF56-5CE6-40A6-91FB-0024A4BBD7FD}"
EndProject
Global
	GlobalSection(SolutionConfigurationPlatforms) = preSolution
		Debug|Any CPU = Debug|Any CPU
		Release|Any CPU = Release|Any CPU
	EndGlobalSection
	GlobalSection(ProjectConfigurationPlatforms) = postSolution
		{57F9CC04-C37D-42F7-AD0C-CC2B4AC06E43}.Debug|Any CPU.ActiveCfg = Debug|Any CPU
		{57F9CC04-C37D-42F7-AD0C-CC2B4AC06E43}.Debug|Any CPU.Build.0 = Debug|Any CPU
		{57F9CC04-C37D-42F7-AD0C-CC2B4AC06E43}.Release|Any CPU.ActiveCfg = Release|Any CPU
		{57F9CC04-C37D-42F7-AD0C-CC2B4AC06E43}.Release|Any CPU.Build.0 = Release|Any CPU
		{1FE4AF56-5CE6-40A6-91FB-0024A4BBD7FD}.Debug|Any CPU.ActiveCfg = Debug|Any CPU
		{1FE4AF56-5CE6-40A6-91FB-0024A4BBD7FD}.Debug|Any CPU.Build.0 = Debug|Any CPU
		{1FE4AF56-5CE6-40A6-91FB-0024A4BBD7FD}.Release|Any CPU.ActiveCfg = Release|Any CPU
		{1FE4AF56-5CE6-40A6-91FB-0024A4BBD7FD}.Release|Any CPU.Build.0 = Release|Any CPU
	EndGlobalSection
	GlobalSection(SolutionProperties) = preSolution
		HideSolutionNode = FALSE
	EndGlobalSection
	GlobalSection(ExtensibilityGlobals) = postSolution
		SolutionGuid = {9E5D8C03-36E1-4CBF-B9E5-03999E1156F6}
	EndGlobalSection
EndGlobal
